
Microsoft Visual Studio Solution File, Format Version 12.00
# Visual Studio Version 16
VisualStudioVersion = 25.0.1700.0
MinimumVisualStudioVersion = 10.0.40219.1
Project("{FAE04EC0-301F-11D3-BF4B-00C04F79EFBC}") = "JWT_example", "JWT_example\JWT_example.csproj", "{BF7D9B68-7259-43D5-ABC1-C9C07CD590FC}"
EndProject
Global
	GlobalSection(SolutionConfigurationPlatforms) = preSolution
		Debug|Any CPU = Debug|Any CPU
		Release|Any CPU = Release|Any CPU
	EndGlobalSection
	GlobalSection(ProjectConfigurationPlatforms) = postSolution
		{BF7D9B68-7259-43D5-ABC1-C9C07CD590FC}.Debug|Any CPU.ActiveCfg = Debug|Any CPU
		{BF7D9B68-7259-43D5-ABC1-C9C07CD590FC}.Debug|Any CPU.Build.0 = Debug|Any CPU
		{BF7D9B68-7259-43D5-ABC1-C9C07CD590FC}.Release|Any CPU.ActiveCfg = Release|Any CPU
		{BF7D9B68-7259-43D5-ABC1-C9C07CD590FC}.Release|Any CPU.Build.0 = Release|Any CPU
	EndGlobalSection
	GlobalSection(SolutionProperties) = preSolution
		HideSolutionNode = FALSE
	EndGlobalSection
	GlobalSection(ExtensibilityGlobals) = postSolution
		SolutionGuid = {B37DB486-9930-4F00-A084-3DD1632E0F9C}
	EndGlobalSection
EndGlobal
